
Microsoft Visual Studio Solution File, Format Version 12.00
# Visual Studio Version 17
VisualStudioVersion = 17.13.35818.85 d17.13
MinimumVisualStudioVersion = 10.0.40219.1
Project("{FAE04EC0-301F-11D3-BF4B-00C04F79EFBC}") = "Mes_rest_WebAPI", "Mes_rest_WebAPI\Mes_rest_WebAPI.csproj", "{3EC0DAB6-90BA-4B4C-A920-1A93AFB40970}"
EndProject
Project("{FAE04EC0-301F-11D3-BF4B-00C04F79EFBC}") = "Mes_rest_Business", "Mes_rest_Business\Mes_rest_Business.csproj", "{724F75AF-4273-4A16-AAD3-0373F8F8BD8C}"
EndProject
Project("{FAE04EC0-301F-11D3-BF4B-00C04F79EFBC}") = "Mes_rest_Common", "Mes_rest_Common\Mes_rest_Common.csproj", "{F9910450-B0DB-49D8-91DD-9B793A6FEF19}"
EndProject
Project("{FAE04EC0-301F-11D3-BF4B-00C04F79EFBC}") = "Mes_rest_DataAccess", "Mes_rest_DataAccess\Mes_rest_DataAccess.csproj", "{AF392DD5-31F0-415A-8895-B21F1EC2F92D}"
EndProject
Project("{FAE04EC0-301F-11D3-BF4B-00C04F79EFBC}") = "Mes_rest_Models", "Mes_rest_Models\Mes_rest_Models.csproj", "{3E0F5E90-E94B-40D8-92E9-024C4AF97FD6}"
EndProject
Global
	GlobalSection(SolutionConfigurationPlatforms) = preSolution
		Debug|Any CPU = Debug|Any CPU
		Release|Any CPU = Release|Any CPU
	EndGlobalSection
	GlobalSection(ProjectConfigurationPlatforms) = postSolution
		{3EC0DAB6-90BA-4B4C-A920-1A93AFB40970}.Debug|Any CPU.ActiveCfg = Debug|Any CPU
		{3EC0DAB6-90BA-4B4C-A920-1A93AFB40970}.Debug|Any CPU.Build.0 = Debug|Any CPU
		{3EC0DAB6-90BA-4B4C-A920-1A93AFB40970}.Release|Any CPU.ActiveCfg = Release|Any CPU
		{3EC0DAB6-90BA-4B4C-A920-1A93AFB40970}.Release|Any CPU.Build.0 = Release|Any CPU
		{724F75AF-4273-4A16-AAD3-0373F8F8BD8C}.Debug|Any CPU.ActiveCfg = Debug|Any CPU
		{724F75AF-4273-4A16-AAD3-0373F8F8BD8C}.Debug|Any CPU.Build.0 = Debug|Any CPU
		{724F75AF-4273-4A16-AAD3-0373F8F8BD8C}.Release|Any CPU.ActiveCfg = Release|Any CPU
		{724F75AF-4273-4A16-AAD3-0373F8F8BD8C}.Release|Any CPU.Build.0 = Release|Any CPU
		{F9910450-B0DB-49D8-91DD-9B793A6FEF19}.Debug|Any CPU.ActiveCfg = Debug|Any CPU
		{F9910450-B0DB-49D8-91DD-9B793A6FEF19}.Debug|Any CPU.Build.0 = Debug|Any CPU
		{F9910450-B0DB-49D8-91DD-9B793A6FEF19}.Release|Any CPU.ActiveCfg = Release|Any CPU
		{F9910450-B0DB-49D8-91DD-9B793A6FEF19}.Release|Any CPU.Build.0 = Release|Any CPU
		{AF392DD5-31F0-415A-8895-B21F1EC2F92D}.Debug|Any CPU.ActiveCfg = Debug|Any CPU
		{AF392DD5-31F0-415A-8895-B21F1EC2F92D}.Debug|Any CPU.Build.0 = Debug|Any CPU
		{AF392DD5-31F0-415A-8895-B21F1EC2F92D}.Release|Any CPU.ActiveCfg = Release|Any CPU
		{AF392DD5-31F0-415A-8895-B21F1EC2F92D}.Release|Any CPU.Build.0 = Release|Any CPU
		{3E0F5E90-E94B-40D8-92E9-024C4AF97FD6}.Debug|Any CPU.ActiveCfg = Debug|Any CPU
		{3E0F5E90-E94B-40D8-92E9-024C4AF97FD6}.Debug|Any CPU.Build.0 = Debug|Any CPU
		{3E0F5E90-E94B-40D8-92E9-024C4AF97FD6}.Release|Any CPU.ActiveCfg = Release|Any CPU
		{3E0F5E90-E94B-40D8-92E9-024C4AF97FD6}.Release|Any CPU.Build.0 = Release|Any CPU
	EndGlobalSection
	GlobalSection(SolutionProperties) = preSolution
		HideSolutionNode = FALSE
	EndGlobalSection
	GlobalSection(ExtensibilityGlobals) = postSolution
		SolutionGuid = {4A9CB587-0CCD-4A0C-A3E6-5C4D6491BA46}
	EndGlobalSection
EndGlobal
